
Microsoft Visual Studio Solution File, Format Version 11.00
# Visual Studio 2010
Project("{FAE04EC0-301F-11D3-BF4B-00C04F79EFBC}") = "WinFormTest1", "WinFormTest1\WinFormTest1.csproj", "{139C73EA-7A67-45A6-B0B1-FDDA24D6C6F9}"
EndProject
Project("{2150E333-8FDC-42A3-9474-1A3956D46DE8}") = "Solution Items", "Solution Items", "{640A3CBD-0BEE-4BDF-B2F0-96189C3B2495}"
	ProjectSection(SolutionItems) = preProject
		スクリーンショット 2012-07-27 0.52.35.png = スクリーンショット 2012-07-27 0.52.35.png
	EndProjectSection
EndProject
Global
	GlobalSection(SolutionConfigurationPlatforms) = preSolution
		Debug|x86 = Debug|x86
		Release|x86 = Release|x86
	EndGlobalSection
	GlobalSection(ProjectConfigurationPlatforms) = postSolution
		{139C73EA-7A67-45A6-B0B1-FDDA24D6C6F9}.Debug|x86.ActiveCfg = Debug|x86
		{139C73EA-7A67-45A6-B0B1-FDDA24D6C6F9}.Debug|x86.Build.0 = Debug|x86
		{139C73EA-7A67-45A6-B0B1-FDDA24D6C6F9}.Release|x86.ActiveCfg = Release|x86
		{139C73EA-7A67-45A6-B0B1-FDDA24D6C6F9}.Release|x86.Build.0 = Release|x86
	EndGlobalSection
	GlobalSection(NestedProjects) = preSolution
	EndGlobalSection
	GlobalSection(MonoDevelopProperties) = preSolution
		StartupItem = WinFormTest1\WinFormTest1.csproj
	EndGlobalSection
EndGlobal
